
Microsoft Visual Studio Solution File, Format Version 12.00
# Visual Studio Version 17
VisualStudioVersion = 17.13.35806.99 d17.13
MinimumVisualStudioVersion = 10.0.40219.1
Project("{FAE04EC0-301F-11D3-BF4B-00C04F79EFBC}") = "RESTServer", "RESTServer\RESTServer.csproj", "{3378D667-13D8-4AAB-8982-DC43397A1802}"
EndProject
Project("{FAE04EC0-301F-11D3-BF4B-00C04F79EFBC}") = "RESTClient", "RESTClient\RESTClient.csproj", "{B4483AC7-BBD3-4EA1-8899-E07373C2319F}"
EndProject
Project("{FAE04EC0-301F-11D3-BF4B-00C04F79EFBC}") = "RESTShared", "RESTShared\RESTShared.csproj", "{9C0EFA77-1125-4F49-AA1F-3B2B3A2B3992}"
EndProject
Global
	GlobalSection(SolutionConfigurationPlatforms) = preSolution
		Debug|Any CPU = Debug|Any CPU
		Release|Any CPU = Release|Any CPU
	EndGlobalSection
	GlobalSection(ProjectConfigurationPlatforms) = postSolution
		{3378D667-13D8-4AAB-8982-DC43397A1802}.Debug|Any CPU.ActiveCfg = Debug|Any CPU
		{3378D667-13D8-4AAB-8982-DC43397A1802}.Debug|Any CPU.Build.0 = Debug|Any CPU
		{3378D667-13D8-4AAB-8982-DC43397A1802}.Release|Any CPU.ActiveCfg = Release|Any CPU
		{3378D667-13D8-4AAB-8982-DC43397A1802}.Release|Any CPU.Build.0 = Release|Any CPU
		{B4483AC7-BBD3-4EA1-8899-E07373C2319F}.Debug|Any CPU.ActiveCfg = Debug|Any CPU
		{B4483AC7-BBD3-4EA1-8899-E07373C2319F}.Debug|Any CPU.Build.0 = Debug|Any CPU
		{B4483AC7-BBD3-4EA1-8899-E07373C2319F}.Release|Any CPU.ActiveCfg = Release|Any CPU
		{B4483AC7-BBD3-4EA1-8899-E07373C2319F}.Release|Any CPU.Build.0 = Release|Any CPU
		{9C0EFA77-1125-4F49-AA1F-3B2B3A2B3992}.Debug|Any CPU.ActiveCfg = Debug|Any CPU
		{9C0EFA77-1125-4F49-AA1F-3B2B3A2B3992}.Debug|Any CPU.Build.0 = Debug|Any CPU
		{9C0EFA77-1125-4F49-AA1F-3B2B3A2B3992}.Release|Any CPU.ActiveCfg = Release|Any CPU
		{9C0EFA77-1125-4F49-AA1F-3B2B3A2B3992}.Release|Any CPU.Build.0 = Release|Any CPU
	EndGlobalSection
	GlobalSection(SolutionProperties) = preSolution
		HideSolutionNode = FALSE
	EndGlobalSection
	GlobalSection(ExtensibilityGlobals) = postSolution
		SolutionGuid = {5766EED1-8F69-4257-8AD6-772E17FF4317}
	EndGlobalSection
EndGlobal
